// !$*UTF8*$!
{
	archiveVersion = 1;
	classes = {
	};
	objectVersion = 50;
	objects = {

/* Begin PBXBuildFile section */
		FA31B2CC2602DF76007C2AAA /* DragAndDropExampleApp.swift in Sources */ = {isa = PBXBuildFile; fileRef = FA31B2CB2602DF76007C2AAA /* DragAndDropExampleApp.swift */; };
		FA31B2CE2602DF76007C2AAA /* ContentView.swift in Sources */ = {isa = PBXBuildFile; fileRef = FA31B2CD2602DF76007C2AAA /* ContentView.swift */; };
		FA31B2D02602DF76007C2AAA /* Assets.xcassets in Resources */ = {isa = PBXBuildFile; fileRef = FA31B2CF2602DF76007C2AAA /* Assets.xcassets */; };
		FA31B2D32602DF76007C2AAA /* Preview Assets.xcassets in Resources */ = {isa = PBXBuildFile; fileRef = FA31B2D22602DF76007C2AAA /* Preview Assets.xcassets */; };
		FA64C79F2603A68400481D9F /* ColorExtension.swift in Sources */ = {isa = PBXBuildFile; fileRef = FA64C79E2603A68400481D9F /* ColorExtension.swift */; };
/* End PBXBuildFile section */

/* Begin PBXFileReference section */
		FA31B2C82602DF76007C2AAA /* DragAndDropExample.app */ = {isa = PBXFileReference; explicitFileType = wrapper.application; includeInIndex = 0; path = DragAndDropExample.app; sourceTree = BUILT_PRODUCTS_DIR; };
		FA31B2CB2602DF76007C2AAA /* DragAndDropExampleApp.swift */ = {isa = PBXFileReference; lastKnownFileType = sourcecode.swift; path = DragAndDropExampleApp.swift; sourceTree = "<group>"; };
		FA31B2CD2602DF76007C2AAA /* ContentView.swift */ = {isa = PBXFileReference; lastKnownFileType = sourcecode.swift; path = ContentView.swift; sourceTree = "<group>"; };
		FA31B2CF2602DF76007C2AAA /* Assets.xcassets */ = {isa = PBXFileReference; lastKnownFileType = folder.assetcatalog; path = Assets.xcassets; sourceTree = "<group>"; };
		FA31B2D22602DF76007C2AAA /* Preview Assets.xcassets */ = {isa = PBXFileReference; lastKnownFileType = folder.assetcatalog; path = "Preview Assets.xcassets"; sourceTree = "<group>"; };
		FA31B2D42602DF76007C2AAA /* Info.plist */ = {isa = PBXFileReference; lastKnownFileType = text.plist.xml; path = Info.plist; sourceTree = "<group>"; };
		FA64C79E2603A68400481D9F /* ColorExtension.swift */ = {isa = PBXFileReference; lastKnownFileType = sourcecode.swift; path = ColorExtension.swift; sourceTree = "<group>"; };
/* End PBXFileReference section */

/* Begin PBXFrameworksBuildPhase section */
		FA31B2C52602DF76007C2AAA /* Frameworks */ = {
			isa = PBXFrameworksBuildPhase;
			buildActionMask = 2147483647;
			files = (
			);
			runOnlyForDeploymentPostprocessing = 0;
		};
/* End PBXFrameworksBuildPhase section */

/* Begin PBXGroup section */
		FA31B2BF2602DF76007C2AAA = {
			isa = PBXGroup;
			children = (
				FA31B2CA2602DF76007C2AAA /* DragAndDropExample */,
				FA31B2C92602DF76007C2AAA /* Products */,
			);
			sourceTree = "<group>";
		};
		FA31B2C92602DF76007C2AAA /* Products */ = {
			isa = PBXGroup;
			children = (
				FA31B2C82602DF76007C2AAA /* DragAndDropExample.app */,
			);
			name = Products;
			sourceTree = "<group>";
		};
		FA31B2CA2602DF76007C2AAA /* DragAndDropExample */ = {
			isa = PBXGroup;
			children = (
				FA31B2CB2602DF76007C2AAA /* DragAndDropExampleApp.swift */,
				FA31B2CD2602DF76007C2AAA /* ContentView.swift */,
				FA64C79E2603A68400481D9F /* ColorExtension.swift */,
				FA31B2CF2602DF76007C2AAA /* Assets.xcassets */,
				FA31B2D42602DF76007C2AAA /* Info.plist */,
				FA31B2D12602DF76007C2AAA /* Preview Content */,
			);
			path = DragAndDropExample;
			sourceTree = "<group>";
		};
		FA31B2D12602DF76007C2AAA /* Preview Content */ = {
			isa = PBXGroup;
			children = (
				FA31B2D22602DF76007C2AAA /* Preview Assets.xcassets */,
			);
			path = "Preview Content";
			sourceTree = "<group>";
		};
/* End PBXGroup section */

/* Begin PBXNativeTarget section */
		FA31B2C72602DF76007C2AAA /* DragAndDropExample */ = {
			isa = PBXNativeTarget;
			buildConfigurationList = FA31B2D72602DF76007C2AAA /* Build configuration list for PBXNativeTarget "DragAndDropExample" */;
			buildPhases = (
				FA31B2C42602DF76007C2AAA /* Sources */,
				FA31B2C52602DF76007C2AAA /* Frameworks */,
				FA31B2C62602DF76007C2AAA /* Resources */,
			);
			buildRules = (
			);
			dependencies = (
			);
			name = DragAndDropExample;
			productName = DragAndDropExample;
			productReference = FA31B2C82602DF76007C2AAA /* DragAndDropExample.app */;
			productType = "com.apple.product-type.application";
		};
/* End PBXNativeTarget section */

/* Begin PBXProject section */
		FA31B2C02602DF76007C2AAA /* Project object */ = {
			isa = PBXProject;
			attributes = {
				LastSwiftUpdateCheck = 1200;
				LastUpgradeCheck = 1200;
				TargetAttributes = {
					FA31B2C72602DF76007C2AAA = {
						CreatedOnToolsVersion = 12.0;
					};
				};
			};
			buildConfigurationList = FA31B2C32602DF76007C2AAA /* Build configuration list for PBXProject "DragAndDropExample" */;
			compatibilityVersion = "Xcode 9.3";
			developmentRegion = en;
			hasScannedForEncodings = 0;
			knownRegions = (
				en,
				Base,
			);
			mainGroup = FA31B2BF2602DF76007C2AAA;
			productRefGroup = FA31B2C92602DF76007C2AAA /* Products */;
			projectDirPath = "";
			projectRoot = "";
			targets = (
				FA31B2C72602DF76007C2AAA /* DragAndDropExample */,
			);
		};
/* End PBXProject section */

/* Begin PBXResourcesBuildPhase section */
		FA31B2C62602DF76007C2AAA /* Resources */ = {
			isa = PBXResourcesBuildPhase;
			buildActionMask = 2147483647;
			files = (
				FA31B2D32602DF76007C2AAA /* Preview Assets.xcassets in Resources */,
				FA31B2D02602DF76007C2AAA /* Assets.xcassets in Resources */,
			);
			runOnlyForDeploymentPostprocessing = 0;
		};
/* End PBXResourcesBuildPhase section */

/* Begin PBXSourcesBuildPhase section */
		FA31B2C42602DF76007C2AAA /* Sources */ = {
			isa = PBXSourcesBuildPhase;
			buildActionMask = 2147483647;
			files = (
				FA64C79F2603A68400481D9F /* ColorExtension.swift in Sources */,
				FA31B2CE2602DF76007C2AAA /* ContentView.swift in Sources */,
				FA31B2CC2602DF76007C2AAA /* DragAndDropExampleApp.swift in Sources */,
			);
			runOnlyForDeploymentPostprocessing = 0;
		};
/* End PBXSourcesBuildPhase section */

/* Begin XCBuildConfiguration section */
		FA31B2D52602DF76007C2AAA /* Debug */ = {
			isa = XCBuildConfiguration;
			buildSettings = {
				ALWAYS_SEARCH_USER_PATHS = NO;
				CLANG_ANALYZER_NONNULL = YES;
				CLANG_ANALYZER_NUMBER_OBJECT_CONVERSION = YES_AGGRESSIVE;
				CLANG_CXX_LANGUAGE_STANDARD = "gnu++14";
				CLANG_CXX_LIBRARY = "libc++";
				CLANG_ENABLE_MODULES = YES;
				CLANG_ENABLE_OBJC_ARC = YES;
				CLANG_ENABLE_OBJC_WEAK = YES;
				CLANG_WARN_BLOCK_CAPTURE_AUTORELEASING = YES;
				CLANG_WARN_BOOL_CONVERSION = YES;
				CLANG_WARN_COMMA = YES;
				CLANG_WARN_CONSTANT_CONVERSION = YES;
				CLANG_WARN_DEPRECATED_OBJC_IMPLEMENTATIONS = YES;
				CLANG_WARN_DIRECT_OBJC_ISA_USAGE = YES_ERROR;
				CLANG_WARN_DOCUMENTATION_COMMENTS = YES;
				CLANG_WARN_EMPTY_BODY = YES;
				CLANG_WARN_ENUM_CONVERSION = YES;
				CLANG_WARN_INFINITE_RECURSION = YES;
				CLANG_WARN_INT_CONVERSION = YES;
				CLANG_WARN_NON_LITERAL_NULL_CONVERSION = YES;
				CLANG_WARN_OBJC_IMPLICIT_RETAIN_SELF = YES;
				CLANG_WARN_OBJC_LITERAL_CONVERSION = YES;
				CLANG_WARN_OBJC_ROOT_CLASS = YES_ERROR;
				CLANG_WARN_QUOTED_INCLUDE_IN_FRAMEWORK_HEADER = YES;
				CLANG_WARN_RANGE_LOOP_ANALYSIS = YES;
				CLANG_WARN_STRICT_PROTOTYPES = YES;
				CLANG_WARN_SUSPICIOUS_MOVE = YES;
				CLANG_WARN_UNGUARDED_AVAILABILITY = YES_AGGRESSIVE;
				CLANG_WARN_UNREACHABLE_CODE = YES;
				CLANG_WARN__DUPLICATE_METHOD_MATCH = YES;
				COPY_PHASE_STRIP = NO;
				DEBUG_INFORMATION_FORMAT = dwarf;
				ENABLE_STRICT_OBJC_MSGSEND = YES;
				ENABLE_TESTABILITY = YES;
				GCC_C_LANGUAGE_STANDARD = gnu11;
				GCC_DYNAMIC_NO_PIC = NO;
				GCC_NO_COMMON_BLOCKS = YES;
				GCC_OPTIMIZATION_LEVEL = 0;
				GCC_PREPROCESSOR_DEFINITIONS = (
					"DEBUG=1",
					"$(inherited)",
				);
				GCC_WARN_64_TO_32_BIT_CONVERSION = YES;
				GCC_WARN_ABOUT_RETURN_TYPE = YES_ERROR;
				GCC_WARN_UNDECLARED_SELECTOR = YES;
				GCC_WARN_UNINITIALIZED_AUTOS = YES_AGGRESSIVE;
				GCC_WARN_UNUSED_FUNCTION = YES;
				GCC_WARN_UNUSED_VARIABLE = YES;
				IPHONEOS_DEPLOYMENT_TARGET = 14.0;
				MTL_ENABLE_DEBUG_INFO = INCLUDE_SOURCE;
				MTL_FAST_MATH = YES;
				ONLY_ACTIVE_ARCH = YES;
				SDKROOT = iphoneos;
				SWIFT_ACTIVE_COMPILATION_CONDITIONS = DEBUG;
				SWIFT_OPTIMIZATION_LEVEL = "-Onone";
			};
			name = Debug;
		};
		FA31B2D62602DF76007C2AAA /* Release */ = {
			isa = XCBuildConfiguration;
			buildSettings = {
				ALWAYS_SEARCH_USER_PATHS = NO;
				CLANG_ANALYZER_NONNULL = YES;
				CLANG_ANALYZER_NUMBER_OBJECT_CONVERSION = YES_AGGRESSIVE;
				CLANG_CXX_LANGUAGE_STANDARD = "gnu++14";
				CLANG_CXX_LIBRARY = "libc++";
				CLANG_ENABLE_MODULES = YES;
				CLANG_ENABLE_OBJC_ARC = YES;
				CLANG_ENABLE_OBJC_WEAK = YES;
				CLANG_WARN_BLOCK_CAPTURE_AUTORELEASING = YES;
				CLANG_WARN_BOOL_CONVERSION = YES;
				CLANG_WARN_COMMA = YES;
				CLANG_WARN_CONSTANT_CONVERSION = YES;
				CLANG_WARN_DEPRECATED_OBJC_IMPLEMENTATIONS = YES;
				CLANG_WARN_DIRECT_OBJC_ISA_USAGE = YES_ERROR;
				CLANG_WARN_DOCUMENTATION_COMMENTS = YES;
				CLANG_WARN_EMPTY_BODY = YES;
				CLANG_WARN_ENUM_CONVERSION = YES;
				CLANG_WARN_INFINITE_RECURSION = YES;
				CLANG_WARN_INT_CONVERSION = YES;
				CLANG_WARN_NON_LITERAL_NULL_CONVERSION = YES;
				CLANG_WARN_OBJC_IMPLICIT_RETAIN_SELF = YES;
				CLANG_WARN_OBJC_LITERAL_CONVERSION = YES;
				CLANG_WARN_OBJC_ROOT_CLASS = YES_ERROR;
				CLANG_WARN_QUOTED_INCLUDE_IN_FRAMEWORK_HEADER = YES;
				CLANG_WARN_RANGE_LOOP_ANALYSIS = YES;
				CLANG_WARN_STRICT_PROTOTYPES = YES;
				CLANG_WARN_SUSPICIOUS_MOVE = YES;
				CLANG_WARN_UNGUARDED_AVAILABILITY = YES_AGGRESSIVE;
				CLANG_WARN_UNREACHABLE_CODE = YES;
				CLANG_WARN__DUPLICATE_METHOD_MATCH = YES;
				COPY_PHASE_STRIP = NO;
				DEBUG_INFORMATION_FORMAT = "dwarf-with-dsym";
				ENABLE_NS_ASSERTIONS = NO;
				ENABLE_STRICT_OBJC_MSGSEND = YES;
				GCC_C_LANGUAGE_STANDARD = gnu11;
				GCC_NO_COMMON_BLOCKS = YES;
				GCC_WARN_64_TO_32_BIT_CONVERSION = YES;
				GCC_WARN_ABOUT_RETURN_TYPE = YES_ERROR;
				GCC_WARN_UNDECLARED_SELECTOR = YES;
				GCC_WARN_UNINITIALIZED_AUTOS = YES_AGGRESSIVE;
				GCC_WARN_UNUSED_FUNCTION = YES;
				GCC_WARN_UNUSED_VARIABLE = YES;
				IPHONEOS_DEPLOYMENT_TARGET = 14.0;
				MTL_ENABLE_DEBUG_INFO = NO;
				MTL_FAST_MATH = YES;
				SDKROOT = iphoneos;
				SWIFT_COMPILATION_MODE = wholemodule;
				SWIFT_OPTIMIZATION_LEVEL = "-O";
				VALIDATE_PRODUCT = YES;
			};
			name = Release;
		};
		FA31B2D82602DF76007C2AAA /* Debug */ = {
			isa = XCBuildConfiguration;
			buildSettings = {
				ASSETCATALOG_COMPILER_APPICON_NAME = AppIcon;
				ASSETCATALOG_COMPILER_GLOBAL_ACCENT_COLOR_NAME = AccentColor;
				CODE_SIGN_STYLE = Automatic;
				DEVELOPMENT_ASSET_PATHS = "\"DragAndDropExample/Preview Content\"";
				DEVELOPMENT_TEAM = L2FL95P32D;
				ENABLE_PREVIEWS = YES;
				INFOPLIST_FILE = DragAndDropExample/Info.plist;
				IPHONEOS_DEPLOYMENT_TARGET = 14.0;
				LD_RUNPATH_SEARCH_PATHS = (
					"$(inherited)",
					"@executable_path/Frameworks",
				);
				PRODUCT_BUNDLE_IDENTIFIER = com.MattPfeiffer.DragAndDropExample;
				PRODUCT_NAME = "$(TARGET_NAME)";
				SWIFT_VERSION = 5.0;
				TARGETED_DEVICE_FAMILY = "1,2";
			};
			name = Debug;
		};
		FA31B2D92602DF76007C2AAA /* Release */ = {
			isa = XCBuildConfiguration;
			buildSettings = {
				ASSETCATALOG_COMPILER_APPICON_NAME = AppIcon;
				ASSETCATALOG_COMPILER_GLOBAL_ACCENT_COLOR_NAME = AccentColor;
				CODE_SIGN_STYLE = Automatic;
				DEVELOPMENT_ASSET_PATHS = "\"DragAndDropExample/Preview Content\"";
				DEVELOPMENT_TEAM = L2FL95P32D;
				ENABLE_PREVIEWS = YES;
				INFOPLIST_FILE = DragAndDropExample/Info.plist;
				IPHONEOS_DEPLOYMENT_TARGET = 14.0;
				LD_RUNPATH_SEARCH_PATHS = (
					"$(inherited)",
					"@executable_path/Frameworks",
				);
				PRODUCT_BUNDLE_IDENTIFIER = com.MattPfeiffer.DragAndDropExample;
				PRODUCT_NAME = "$(TARGET_NAME)";
				SWIFT_VERSION = 5.0;
				TARGETED_DEVICE_FAMILY = "1,2";
			};
			name = Release;
		};
/* End XCBuildConfiguration section */

/* Begin XCConfigurationList section */
		FA31B2C32602DF76007C2AAA /* Build configuration list for PBXProject "DragAndDropExample" */ = {
			isa = XCConfigurationList;
			buildConfigurations = (
				FA31B2D52602DF76007C2AAA /* Debug */,
				FA31B2D62602DF76007C2AAA /* Release */,
			);
			defaultConfigurationIsVisible = 0;
			defaultConfigurationName = Release;
		};
		FA31B2D72602DF76007C2AAA /* Build configuration list for PBXNativeTarget "DragAndDropExample" */ = {
			isa = XCConfigurationList;
			buildConfigurations = (
				FA31B2D82602DF76007C2AAA /* Debug */,
				FA31B2D92602DF76007C2AAA /* Release */,
			);
			defaultConfigurationIsVisible = 0;
			defaultConfigurationName = Release;
		};
/* End XCConfigurationList section */
	};
	rootObject = FA31B2C02602DF76007C2AAA /* Project object */;
}
